// !$*UTF8*$!
{
	archiveVersion = 1;
	classes = {
	};
	objectVersion = 46;
	objects = {

/* Begin PBXBuildFile section */
		380CFCFB19774BD10034F693 /* AppDelegate.swift in Sources */ = {isa = PBXBuildFile; fileRef = 380CFCFA19774BD10034F693 /* AppDelegate.swift */; };
		380CFCFD19774BD10034F693 /* ViewController.swift in Sources */ = {isa = PBXBuildFile; fileRef = 380CFCFC19774BD10034F693 /* ViewController.swift */; };
		380CFD0019774BD10034F693 /* Main.storyboard in Resources */ = {isa = PBXBuildFile; fileRef = 380CFCFE19774BD10034F693 /* Main.storyboard */; };
		380CFD0219774BD10034F693 /* Images.xcassets in Resources */ = {isa = PBXBuildFile; fileRef = 380CFD0119774BD10034F693 /* Images.xcassets */; };
		380CFD0E19774BD10034F693 /* CurrentAddressTests.swift in Sources */ = {isa = PBXBuildFile; fileRef = 380CFD0D19774BD10034F693 /* CurrentAddressTests.swift */; };
		38982AF61977724400F62FD8 /* README.md in Sources */ = {isa = PBXBuildFile; fileRef = 38982AF51977724400F62FD8 /* README.md */; };
/* End PBXBuildFile section */

/* Begin PBXContainerItemProxy section */
		380CFD0819774BD10034F693 /* PBXContainerItemProxy */ = {
			isa = PBXContainerItemProxy;
			containerPortal = 380CFCED19774BD10034F693 /* Project object */;
			proxyType = 1;
			remoteGlobalIDString = 380CFCF419774BD10034F693;
			remoteInfo = CurrentAddress;
		};
/* End PBXContainerItemProxy section */

/* Begin PBXFileReference section */
		380CFCF519774BD10034F693 /* CurrentAddress.app */ = {isa = PBXFileReference; explicitFileType = wrapper.application; includeInIndex = 0; path = CurrentAddress.app; sourceTree = BUILT_PRODUCTS_DIR; };
		380CFCF919774BD10034F693 /* Info.plist */ = {isa = PBXFileReference; lastKnownFileType = text.plist.xml; path = Info.plist; sourceTree = "<group>"; };
		380CFCFA19774BD10034F693 /* AppDelegate.swift */ = {isa = PBXFileReference; lastKnownFileType = sourcecode.swift; path = AppDelegate.swift; sourceTree = "<group>"; };
		380CFCFC19774BD10034F693 /* ViewController.swift */ = {isa = PBXFileReference; lastKnownFileType = sourcecode.swift; path = ViewController.swift; sourceTree = "<group>"; };
		380CFCFF19774BD10034F693 /* Base */ = {isa = PBXFileReference; lastKnownFileType = file.storyboard; name = Base; path = Base.lproj/Main.storyboard; sourceTree = "<group>"; };
		380CFD0119774BD10034F693 /* Images.xcassets */ = {isa = PBXFileReference; lastKnownFileType = folder.assetcatalog; path = Images.xcassets; sourceTree = "<group>"; };
		380CFD0719774BD10034F693 /* CurrentAddressTests.xctest */ = {isa = PBXFileReference; explicitFileType = wrapper.cfbundle; includeInIndex = 0; path = CurrentAddressTests.xctest; sourceTree = BUILT_PRODUCTS_DIR; };
		380CFD0C19774BD10034F693 /* Info.plist */ = {isa = PBXFileReference; lastKnownFileType = text.plist.xml; path = Info.plist; sourceTree = "<group>"; };
		380CFD0D19774BD10034F693 /* CurrentAddressTests.swift */ = {isa = PBXFileReference; lastKnownFileType = sourcecode.swift; path = CurrentAddressTests.swift; sourceTree = "<group>"; };
		38982AF51977724400F62FD8 /* README.md */ = {isa = PBXFileReference; fileEncoding = 4; lastKnownFileType = net.daringfireball.markdown; path = README.md; sourceTree = "<group>"; };
/* End PBXFileReference section */

/* Begin PBXFrameworksBuildPhase section */
		380CFCF219774BD10034F693 /* Frameworks */ = {
			isa = PBXFrameworksBuildPhase;
			buildActionMask = 2147483647;
			files = (
			);
			runOnlyForDeploymentPostprocessing = 0;
		};
		380CFD0419774BD10034F693 /* Frameworks */ = {
			isa = PBXFrameworksBuildPhase;
			buildActionMask = 2147483647;
			files = (
			);
			runOnlyForDeploymentPostprocessing = 0;
		};
/* End PBXFrameworksBuildPhase section */

/* Begin PBXGroup section */
		380CFCEC19774BD10034F693 = {
			isa = PBXGroup;
			children = (
				380CFCF719774BD10034F693 /* CurrentAddress */,
				380CFD0A19774BD10034F693 /* CurrentAddressTests */,
				380CFCF619774BD10034F693 /* Products */,
			);
			sourceTree = "<group>";
		};
		380CFCF619774BD10034F693 /* Products */ = {
			isa = PBXGroup;
			children = (
				380CFCF519774BD10034F693 /* CurrentAddress.app */,
				380CFD0719774BD10034F693 /* CurrentAddressTests.xctest */,
			);
			name = Products;
			sourceTree = "<group>";
		};
		380CFCF719774BD10034F693 /* CurrentAddress */ = {
			isa = PBXGroup;
			children = (
				38982AF51977724400F62FD8 /* README.md */,
				380CFCFA19774BD10034F693 /* AppDelegate.swift */,
				380CFCFC19774BD10034F693 /* ViewController.swift */,
				380CFCFE19774BD10034F693 /* Main.storyboard */,
				380CFD0119774BD10034F693 /* Images.xcassets */,
				380CFCF819774BD10034F693 /* Supporting Files */,
			);
			path = CurrentAddress;
			sourceTree = "<group>";
		};
		380CFCF819774BD10034F693 /* Supporting Files */ = {
			isa = PBXGroup;
			children = (
				380CFCF919774BD10034F693 /* Info.plist */,
			);
			name = "Supporting Files";
			sourceTree = "<group>";
		};
		380CFD0A19774BD10034F693 /* CurrentAddressTests */ = {
			isa = PBXGroup;
			children = (
				380CFD0D19774BD10034F693 /* CurrentAddressTests.swift */,
				380CFD0B19774BD10034F693 /* Supporting Files */,
			);
			path = CurrentAddressTests;
			sourceTree = "<group>";
		};
		380CFD0B19774BD10034F693 /* Supporting Files */ = {
			isa = PBXGroup;
			children = (
				380CFD0C19774BD10034F693 /* Info.plist */,
			);
			name = "Supporting Files";
			sourceTree = "<group>";
		};
/* End PBXGroup section */

/* Begin PBXNativeTarget section */
		380CFCF419774BD10034F693 /* CurrentAddress */ = {
			isa = PBXNativeTarget;
			buildConfigurationList = 380CFD1119774BD10034F693 /* Build configuration list for PBXNativeTarget "CurrentAddress" */;
			buildPhases = (
				380CFCF119774BD10034F693 /* Sources */,
				380CFCF219774BD10034F693 /* Frameworks */,
				380CFCF319774BD10034F693 /* Resources */,
			);
			buildRules = (
			);
			dependencies = (
			);
			name = CurrentAddress;
			productName = CurrentAddress;
			productReference = 380CFCF519774BD10034F693 /* CurrentAddress.app */;
			productType = "com.apple.product-type.application";
		};
		380CFD0619774BD10034F693 /* CurrentAddressTests */ = {
			isa = PBXNativeTarget;
			buildConfigurationList = 380CFD1419774BD10034F693 /* Build configuration list for PBXNativeTarget "CurrentAddressTests" */;
			buildPhases = (
				380CFD0319774BD10034F693 /* Sources */,
				380CFD0419774BD10034F693 /* Frameworks */,
				380CFD0519774BD10034F693 /* Resources */,
			);
			buildRules = (
			);
			dependencies = (
				380CFD0919774BD10034F693 /* PBXTargetDependency */,
			);
			name = CurrentAddressTests;
			productName = CurrentAddressTests;
			productReference = 380CFD0719774BD10034F693 /* CurrentAddressTests.xctest */;
			productType = "com.apple.product-type.bundle.unit-test";
		};
/* End PBXNativeTarget section */

/* Begin PBXProject section */
		380CFCED19774BD10034F693 /* Project object */ = {
			isa = PBXProject;
			attributes = {
				LastUpgradeCheck = 0600;
				ORGANIZATIONNAME = "Zeus Software";
				TargetAttributes = {
					380CFCF419774BD10034F693 = {
						CreatedOnToolsVersion = 6.0;
					};
					380CFD0619774BD10034F693 = {
						CreatedOnToolsVersion = 6.0;
						TestTargetID = 380CFCF419774BD10034F693;
					};
				};
			};
			buildConfigurationList = 380CFCF019774BD10034F693 /* Build configuration list for PBXProject "CurrentAddress" */;
			compatibilityVersion = "Xcode 3.2";
			developmentRegion = English;
			hasScannedForEncodings = 0;
			knownRegions = (
				en,
				Base,
			);
			mainGroup = 380CFCEC19774BD10034F693;
			productRefGroup = 380CFCF619774BD10034F693 /* Products */;
			projectDirPath = "";
			projectRoot = "";
			targets = (
				380CFCF419774BD10034F693 /* CurrentAddress */,
				380CFD0619774BD10034F693 /* CurrentAddressTests */,
			);
		};
/* End PBXProject section */

/* Begin PBXResourcesBuildPhase section */
		380CFCF319774BD10034F693 /* Resources */ = {
			isa = PBXResourcesBuildPhase;
			buildActionMask = 2147483647;
			files = (
				380CFD0019774BD10034F693 /* Main.storyboard in Resources */,
				380CFD0219774BD10034F693 /* Images.xcassets in Resources */,
			);
			runOnlyForDeploymentPostprocessing = 0;
		};
		380CFD0519774BD10034F693 /* Resources */ = {
			isa = PBXResourcesBuildPhase;
			buildActionMask = 2147483647;
			files = (
			);
			runOnlyForDeploymentPostprocessing = 0;
		};
/* End PBXResourcesBuildPhase section */

/* Begin PBXSourcesBuildPhase section */
		380CFCF119774BD10034F693 /* Sources */ = {
			isa = PBXSourcesBuildPhase;
			buildActionMask = 2147483647;
			files = (
				38982AF61977724400F62FD8 /* README.md in Sources */,
				380CFCFD19774BD10034F693 /* ViewController.swift in Sources */,
				380CFCFB19774BD10034F693 /* AppDelegate.swift in Sources */,
			);
			runOnlyForDeploymentPostprocessing = 0;
		};
		380CFD0319774BD10034F693 /* Sources */ = {
			isa = PBXSourcesBuildPhase;
			buildActionMask = 2147483647;
			files = (
				380CFD0E19774BD10034F693 /* CurrentAddressTests.swift in Sources */,
			);
			runOnlyForDeploymentPostprocessing = 0;
		};
/* End PBXSourcesBuildPhase section */

/* Begin PBXTargetDependency section */
		380CFD0919774BD10034F693 /* PBXTargetDependency */ = {
			isa = PBXTargetDependency;
			target = 380CFCF419774BD10034F693 /* CurrentAddress */;
			targetProxy = 380CFD0819774BD10034F693 /* PBXContainerItemProxy */;
		};
/* End PBXTargetDependency section */

/* Begin PBXVariantGroup section */
		380CFCFE19774BD10034F693 /* Main.storyboard */ = {
			isa = PBXVariantGroup;
			children = (
				380CFCFF19774BD10034F693 /* Base */,
			);
			name = Main.storyboard;
			sourceTree = "<group>";
		};
/* End PBXVariantGroup section */

/* Begin XCBuildConfiguration section */
		380CFD0F19774BD10034F693 /* Debug */ = {
			isa = XCBuildConfiguration;
			buildSettings = {
				ALWAYS_SEARCH_USER_PATHS = NO;
				CLANG_CXX_LANGUAGE_STANDARD = "gnu++0x";
				CLANG_CXX_LIBRARY = "libc++";
				CLANG_ENABLE_MODULES = YES;
				CLANG_ENABLE_OBJC_ARC = YES;
				CLANG_WARN_BOOL_CONVERSION = YES;
				CLANG_WARN_CONSTANT_CONVERSION = YES;
				CLANG_WARN_DIRECT_OBJC_ISA_USAGE = YES_ERROR;
				CLANG_WARN_EMPTY_BODY = YES;
				CLANG_WARN_ENUM_CONVERSION = YES;
				CLANG_WARN_INT_CONVERSION = YES;
				CLANG_WARN_OBJC_ROOT_CLASS = YES_ERROR;
				CLANG_WARN_UNREACHABLE_CODE = YES;
				CLANG_WARN__DUPLICATE_METHOD_MATCH = YES;
				"CODE_SIGN_IDENTITY[sdk=iphoneos*]" = "iPhone Developer";
				COPY_PHASE_STRIP = NO;
				ENABLE_STRICT_OBJC_MSGSEND = YES;
				GCC_C_LANGUAGE_STANDARD = gnu99;
				GCC_DYNAMIC_NO_PIC = NO;
				GCC_OPTIMIZATION_LEVEL = 0;
				GCC_PREPROCESSOR_DEFINITIONS = (
					"DEBUG=1",
					"$(inherited)",
				);
				GCC_SYMBOLS_PRIVATE_EXTERN = NO;
				GCC_WARN_64_TO_32_BIT_CONVERSION = YES;
				GCC_WARN_ABOUT_RETURN_TYPE = YES_ERROR;
				GCC_WARN_UNDECLARED_SELECTOR = YES;
				GCC_WARN_UNINITIALIZED_AUTOS = YES_AGGRESSIVE;
				GCC_WARN_UNUSED_FUNCTION = YES;
				GCC_WARN_UNUSED_VARIABLE = YES;
				IPHONEOS_DEPLOYMENT_TARGET = 8.0;
				MTL_ENABLE_DEBUG_INFO = YES;
				ONLY_ACTIVE_ARCH = YES;
				SDKROOT = iphoneos;
				SWIFT_OPTIMIZATION_LEVEL = "-Onone";
			};
			name = Debug;
		};
		380CFD1019774BD10034F693 /* Release */ = {
			isa = XCBuildConfiguration;
			buildSettings = {
				ALWAYS_SEARCH_USER_PATHS = NO;
				CLANG_CXX_LANGUAGE_STANDARD = "gnu++0x";
				CLANG_CXX_LIBRARY = "libc++";
				CLANG_ENABLE_MODULES = YES;
				CLANG_ENABLE_OBJC_ARC = YES;
				CLANG_WARN_BOOL_CONVERSION = YES;
				CLANG_WARN_CONSTANT_CONVERSION = YES;
				CLANG_WARN_DIRECT_OBJC_ISA_USAGE = YES_ERROR;
				CLANG_WARN_EMPTY_BODY = YES;
				CLANG_WARN_ENUM_CONVERSION = YES;
				CLANG_WARN_INT_CONVERSION = YES;
				CLANG_WARN_OBJC_ROOT_CLASS = YES_ERROR;
				CLANG_WARN_UNREACHABLE_CODE = YES;
				CLANG_WARN__DUPLICATE_METHOD_MATCH = YES;
				"CODE_SIGN_IDENTITY[sdk=iphoneos*]" = "iPhone Developer";
				COPY_PHASE_STRIP = YES;
				ENABLE_NS_ASSERTIONS = NO;
				ENABLE_STRICT_OBJC_MSGSEND = YES;
				GCC_C_LANGUAGE_STANDARD = gnu99;
				GCC_WARN_64_TO_32_BIT_CONVERSION = YES;
				GCC_WARN_ABOUT_RETURN_TYPE = YES_ERROR;
				GCC_WARN_UNDECLARED_SELECTOR = YES;
				GCC_WARN_UNINITIALIZED_AUTOS = YES_AGGRESSIVE;
				GCC_WARN_UNUSED_FUNCTION = YES;
				GCC_WARN_UNUSED_VARIABLE = YES;
				IPHONEOS_DEPLOYMENT_TARGET = 8.0;
				MTL_ENABLE_DEBUG_INFO = NO;
				SDKROOT = iphoneos;
				VALIDATE_PRODUCT = YES;
			};
			name = Release;
		};
		380CFD1219774BD10034F693 /* Debug */ = {
			isa = XCBuildConfiguration;
			buildSettings = {
				ASSETCATALOG_COMPILER_APPICON_NAME = AppIcon;
				ASSETCATALOG_COMPILER_LAUNCHIMAGE_NAME = LaunchImage;
				INFOPLIST_FILE = CurrentAddress/Info.plist;
				IPHONEOS_DEPLOYMENT_TARGET = 6.0;
				LD_RUNPATH_SEARCH_PATHS = "$(inherited) @executable_path/Frameworks";
				PRODUCT_NAME = "$(TARGET_NAME)";
			};
			name = Debug;
		};
		380CFD1319774BD10034F693 /* Release */ = {
			isa = XCBuildConfiguration;
			buildSettings = {
				ASSETCATALOG_COMPILER_APPICON_NAME = AppIcon;
				ASSETCATALOG_COMPILER_LAUNCHIMAGE_NAME = LaunchImage;
				INFOPLIST_FILE = CurrentAddress/Info.plist;
				IPHONEOS_DEPLOYMENT_TARGET = 6.0;
				LD_RUNPATH_SEARCH_PATHS = "$(inherited) @executable_path/Frameworks";
				PRODUCT_NAME = "$(TARGET_NAME)";
			};
			name = Release;
		};
		380CFD1519774BD10034F693 /* Debug */ = {
			isa = XCBuildConfiguration;
			buildSettings = {
				BUNDLE_LOADER = "$(BUILT_PRODUCTS_DIR)/CurrentAddress.app/CurrentAddress";
				FRAMEWORK_SEARCH_PATHS = (
					"$(SDKROOT)/Developer/Library/Frameworks",
					"$(inherited)",
				);
				GCC_PREPROCESSOR_DEFINITIONS = (
					"DEBUG=1",
					"$(inherited)",
				);
				INFOPLIST_FILE = CurrentAddressTests/Info.plist;
				LD_RUNPATH_SEARCH_PATHS = "$(inherited) @executable_path/Frameworks @loader_path/Frameworks";
				PRODUCT_NAME = "$(TARGET_NAME)";
				TEST_HOST = "$(BUNDLE_LOADER)";
			};
			name = Debug;
		};
		380CFD1619774BD10034F693 /* Release */ = {
			isa = XCBuildConfiguration;
			buildSettings = {
				BUNDLE_LOADER = "$(BUILT_PRODUCTS_DIR)/CurrentAddress.app/CurrentAddress";
				FRAMEWORK_SEARCH_PATHS = (
					"$(SDKROOT)/Developer/Library/Frameworks",
					"$(inherited)",
				);
				INFOPLIST_FILE = CurrentAddressTests/Info.plist;
				LD_RUNPATH_SEARCH_PATHS = "$(inherited) @executable_path/Frameworks @loader_path/Frameworks";
				PRODUCT_NAME = "$(TARGET_NAME)";
				TEST_HOST = "$(BUNDLE_LOADER)";
			};
			name = Release;
		};
/* End XCBuildConfiguration section */

/* Begin XCConfigurationList section */
		380CFCF019774BD10034F693 /* Build configuration list for PBXProject "CurrentAddress" */ = {
			isa = XCConfigurationList;
			buildConfigurations = (
				380CFD0F19774BD10034F693 /* Debug */,
				380CFD1019774BD10034F693 /* Release */,
			);
			defaultConfigurationIsVisible = 0;
			defaultConfigurationName = Release;
		};
		380CFD1119774BD10034F693 /* Build configuration list for PBXNativeTarget "CurrentAddress" */ = {
			isa = XCConfigurationList;
			buildConfigurations = (
				380CFD1219774BD10034F693 /* Debug */,
				380CFD1319774BD10034F693 /* Release */,
			);
			defaultConfigurationIsVisible = 0;
			defaultConfigurationName = Release;
		};
		380CFD1419774BD10034F693 /* Build configuration list for PBXNativeTarget "CurrentAddressTests" */ = {
			isa = XCConfigurationList;
			buildConfigurations = (
				380CFD1519774BD10034F693 /* Debug */,
				380CFD1619774BD10034F693 /* Release */,
			);
			defaultConfigurationIsVisible = 0;
			defaultConfigurationName = Release;
		};
/* End XCConfigurationList section */
	};
	rootObject = 380CFCED19774BD10034F693 /* Project object */;
}
